
Microsoft Visual Studio Solution File, Format Version 12.00
# Visual Studio Version 17
VisualStudioVersion = 17.4.33205.214
MinimumVisualStudioVersion = 10.0.40219.1
Project("{FAE04EC0-301F-11D3-BF4B-00C04F79EFBC}") = "GradeSystem", "GradeSystem\GradeSystem.csproj", "{23F32408-919E-40A3-95BA-ED606DDC0B4F}"
EndProject
Global
	GlobalSection(SolutionConfigurationPlatforms) = preSolution
		Debug|Any CPU = Debug|Any CPU
		Release|Any CPU = Release|Any CPU
	EndGlobalSection
	GlobalSection(ProjectConfigurationPlatforms) = postSolution
		{23F32408-919E-40A3-95BA-ED606DDC0B4F}.Debug|Any CPU.ActiveCfg = Debug|Any CPU
		{23F32408-919E-40A3-95BA-ED606DDC0B4F}.Debug|Any CPU.Build.0 = Debug|Any CPU
		{23F32408-919E-40A3-95BA-ED606DDC0B4F}.Release|Any CPU.ActiveCfg = Release|Any CPU
		{23F32408-919E-40A3-95BA-ED606DDC0B4F}.Release|Any CPU.Build.0 = Release|Any CPU
	EndGlobalSection
	GlobalSection(SolutionProperties) = preSolution
		HideSolutionNode = FALSE
	EndGlobalSection
	GlobalSection(ExtensibilityGlobals) = postSolution
		SolutionGuid = {5575FD13-82C4-47ED-9AB9-EF5E5DA70228}
	EndGlobalSection
EndGlobal
